
Microsoft Visual Studio Solution File, Format Version 12.00
# Visual Studio 2015
Project("{FAE04EC0-301F-11D3-BF4B-00C04F79EFBC}") = "PolygonMagicGame.CSharp.Plugins", "PolygonMagicGame.CSharp.Plugins.csproj", "{9C60D435-A3F6-B7BE-ACA4-39D942E6E842}"
EndProject
Project("{FAE04EC0-301F-11D3-BF4B-00C04F79EFBC}") = "PolygonMagicGame.CSharp", "PolygonMagicGame.CSharp.csproj", "{D6C1F295-D432-889F-C946-8B510431E1C5}"
EndProject
Project("{FAE04EC0-301F-11D3-BF4B-00C04F79EFBC}") = "PolygonMagicGame.CSharp.Editor", "PolygonMagicGame.CSharp.Editor.csproj", "{61ACBF66-4FE0-8B9C-5381-24B8DE4EC522}"
EndProject
Global
	GlobalSection(SolutionConfigurationPlatforms) = preSolution
		Debug|Any CPU = Debug|Any CPU
		Release|Any CPU = Release|Any CPU
	EndGlobalSection
	GlobalSection(ProjectConfigurationPlatforms) = postSolution
		{9C60D435-A3F6-B7BE-ACA4-39D942E6E842}.Debug|Any CPU.ActiveCfg = Debug|Any CPU
		{9C60D435-A3F6-B7BE-ACA4-39D942E6E842}.Debug|Any CPU.Build.0 = Debug|Any CPU
		{9C60D435-A3F6-B7BE-ACA4-39D942E6E842}.Release|Any CPU.ActiveCfg = Release|Any CPU
		{9C60D435-A3F6-B7BE-ACA4-39D942E6E842}.Release|Any CPU.Build.0 = Release|Any CPU
		{D6C1F295-D432-889F-C946-8B510431E1C5}.Debug|Any CPU.ActiveCfg = Debug|Any CPU
		{D6C1F295-D432-889F-C946-8B510431E1C5}.Debug|Any CPU.Build.0 = Debug|Any CPU
		{D6C1F295-D432-889F-C946-8B510431E1C5}.Release|Any CPU.ActiveCfg = Release|Any CPU
		{D6C1F295-D432-889F-C946-8B510431E1C5}.Release|Any CPU.Build.0 = Release|Any CPU
		{61ACBF66-4FE0-8B9C-5381-24B8DE4EC522}.Debug|Any CPU.ActiveCfg = Debug|Any CPU
		{61ACBF66-4FE0-8B9C-5381-24B8DE4EC522}.Debug|Any CPU.Build.0 = Debug|Any CPU
		{61ACBF66-4FE0-8B9C-5381-24B8DE4EC522}.Release|Any CPU.ActiveCfg = Release|Any CPU
		{61ACBF66-4FE0-8B9C-5381-24B8DE4EC522}.Release|Any CPU.Build.0 = Release|Any CPU
	EndGlobalSection
	GlobalSection(SolutionProperties) = preSolution
		HideSolutionNode = FALSE
	EndGlobalSection
EndGlobal
